
Microsoft Visual Studio Solution File, Format Version 12.00
# Visual Studio Version 16
VisualStudioVersion = 16.0.30114.105
MinimumVisualStudioVersion = 10.0.40219.1
Project("{2150E333-8FDC-42A3-9474-1A3956D46DE8}") = "domain", "domain", "{6A044507-E557-41D1-BA9F-ED2117AE5E33}"
EndProject
Project("{FAE04EC0-301F-11D3-BF4B-00C04F79EFBC}") = "Store", "domain\store\Store.csproj", "{3C067449-C114-4830-8AC1-6D76E22C3A8A}"
EndProject
Global
	GlobalSection(SolutionConfigurationPlatforms) = preSolution
		Debug|Any CPU = Debug|Any CPU
		Release|Any CPU = Release|Any CPU
	EndGlobalSection
	GlobalSection(SolutionProperties) = preSolution
		HideSolutionNode = FALSE
	EndGlobalSection
	GlobalSection(ProjectConfigurationPlatforms) = postSolution
		{3C067449-C114-4830-8AC1-6D76E22C3A8A}.Debug|Any CPU.ActiveCfg = Debug|Any CPU
		{3C067449-C114-4830-8AC1-6D76E22C3A8A}.Debug|Any CPU.Build.0 = Debug|Any CPU
		{3C067449-C114-4830-8AC1-6D76E22C3A8A}.Release|Any CPU.ActiveCfg = Release|Any CPU
		{3C067449-C114-4830-8AC1-6D76E22C3A8A}.Release|Any CPU.Build.0 = Release|Any CPU
	EndGlobalSection
	GlobalSection(NestedProjects) = preSolution
		{3C067449-C114-4830-8AC1-6D76E22C3A8A} = {6A044507-E557-41D1-BA9F-ED2117AE5E33}
	EndGlobalSection
EndGlobal
